// !$*UTF8*$!
{
	archiveVersion = 1;
	classes = {
	};
	objectVersion = 46;
	objects = {

/* Begin PBXBuildFile section */
		1220D26E1967109800979E9A /* Foundation.framework in Frameworks */ = {isa = PBXBuildFile; fileRef = 1220D26D1967109800979E9A /* Foundation.framework */; };
		1220D2701967109800979E9A /* CoreGraphics.framework in Frameworks */ = {isa = PBXBuildFile; fileRef = 1220D26F1967109800979E9A /* CoreGraphics.framework */; };
		1220D2721967109800979E9A /* UIKit.framework in Frameworks */ = {isa = PBXBuildFile; fileRef = 1220D2711967109800979E9A /* UIKit.framework */; };
		1220D2781967109800979E9A /* InfoPlist.strings in Resources */ = {isa = PBXBuildFile; fileRef = 1220D2761967109800979E9A /* InfoPlist.strings */; };
		1220D27A1967109800979E9A /* main.m in Sources */ = {isa = PBXBuildFile; fileRef = 1220D2791967109800979E9A /* main.m */; };
		1220D27E1967109800979E9A /* YZAppDelegate.m in Sources */ = {isa = PBXBuildFile; fileRef = 1220D27D1967109800979E9A /* YZAppDelegate.m */; };
		1220D2811967109800979E9A /* Main.storyboard in Resources */ = {isa = PBXBuildFile; fileRef = 1220D27F1967109800979E9A /* Main.storyboard */; };
		1220D2841967109800979E9A /* YZViewController.m in Sources */ = {isa = PBXBuildFile; fileRef = 1220D2831967109800979E9A /* YZViewController.m */; };
		1220D2861967109800979E9A /* Images.xcassets in Resources */ = {isa = PBXBuildFile; fileRef = 1220D2851967109800979E9A /* Images.xcassets */; };
		1220D28D1967109800979E9A /* XCTest.framework in Frameworks */ = {isa = PBXBuildFile; fileRef = 1220D28C1967109800979E9A /* XCTest.framework */; };
		1220D28E1967109800979E9A /* Foundation.framework in Frameworks */ = {isa = PBXBuildFile; fileRef = 1220D26D1967109800979E9A /* Foundation.framework */; };
		1220D28F1967109800979E9A /* UIKit.framework in Frameworks */ = {isa = PBXBuildFile; fileRef = 1220D2711967109800979E9A /* UIKit.framework */; };
		1220D2971967109800979E9A /* InfoPlist.strings in Resources */ = {isa = PBXBuildFile; fileRef = 1220D2951967109800979E9A /* InfoPlist.strings */; };
		1220D2991967109800979E9A /* YZLibraryDemoTests.m in Sources */ = {isa = PBXBuildFile; fileRef = 1220D2981967109800979E9A /* YZLibraryDemoTests.m */; };
		1272010819E821FC00E4CBFB /* NSArray+YZLibrary.m in Sources */ = {isa = PBXBuildFile; fileRef = 127200F719E821FC00E4CBFB /* NSArray+YZLibrary.m */; };
		1272010919E821FC00E4CBFB /* UIButton+YZLibrary.m in Sources */ = {isa = PBXBuildFile; fileRef = 127200F919E821FC00E4CBFB /* UIButton+YZLibrary.m */; };
		1272010A19E821FC00E4CBFB /* UIColor+YZLibrary.m in Sources */ = {isa = PBXBuildFile; fileRef = 127200FB19E821FC00E4CBFB /* UIColor+YZLibrary.m */; };
		1272010B19E821FC00E4CBFB /* UIImage+YZLibrary.m in Sources */ = {isa = PBXBuildFile; fileRef = 127200FD19E821FC00E4CBFB /* UIImage+YZLibrary.m */; };
		1272010C19E821FC00E4CBFB /* UIImageView+YZLibrary.m in Sources */ = {isa = PBXBuildFile; fileRef = 127200FF19E821FC00E4CBFB /* UIImageView+YZLibrary.m */; };
		1272010D19E821FC00E4CBFB /* UIView+YZLibrary.m in Sources */ = {isa = PBXBuildFile; fileRef = 1272010119E821FC00E4CBFB /* UIView+YZLibrary.m */; };
		1272010E19E821FC00E4CBFB /* UIViewController+YZLibrary.m in Sources */ = {isa = PBXBuildFile; fileRef = 1272010319E821FC00E4CBFB /* UIViewController+YZLibrary.m */; };
		1272010F19E821FC00E4CBFB /* YZCGPointExtension.c in Sources */ = {isa = PBXBuildFile; fileRef = 1272010419E821FC00E4CBFB /* YZCGPointExtension.c */; };
		1272011019E821FC00E4CBFB /* YZLibrary.m in Sources */ = {isa = PBXBuildFile; fileRef = 1272010719E821FC00E4CBFB /* YZLibrary.m */; };
/* End PBXBuildFile section */

/* Begin PBXContainerItemProxy section */
		1220D2901967109800979E9A /* PBXContainerItemProxy */ = {
			isa = PBXContainerItemProxy;
			containerPortal = 1220D2621967109800979E9A /* Project object */;
			proxyType = 1;
			remoteGlobalIDString = 1220D2691967109800979E9A;
			remoteInfo = YZLibraryDemo;
		};
/* End PBXContainerItemProxy section */

/* Begin PBXFileReference section */
		1220D26A1967109800979E9A /* YZLibraryDemo.app */ = {isa = PBXFileReference; explicitFileType = wrapper.application; includeInIndex = 0; path = YZLibraryDemo.app; sourceTree = BUILT_PRODUCTS_DIR; };
		1220D26D1967109800979E9A /* Foundation.framework */ = {isa = PBXFileReference; lastKnownFileType = wrapper.framework; name = Foundation.framework; path = System/Library/Frameworks/Foundation.framework; sourceTree = SDKROOT; };
		1220D26F1967109800979E9A /* CoreGraphics.framework */ = {isa = PBXFileReference; lastKnownFileType = wrapper.framework; name = CoreGraphics.framework; path = System/Library/Frameworks/CoreGraphics.framework; sourceTree = SDKROOT; };
		1220D2711967109800979E9A /* UIKit.framework */ = {isa = PBXFileReference; lastKnownFileType = wrapper.framework; name = UIKit.framework; path = System/Library/Frameworks/UIKit.framework; sourceTree = SDKROOT; };
		1220D2751967109800979E9A /* YZLibraryDemo-Info.plist */ = {isa = PBXFileReference; lastKnownFileType = text.plist.xml; path = "YZLibraryDemo-Info.plist"; sourceTree = "<group>"; };
		1220D2771967109800979E9A /* en */ = {isa = PBXFileReference; lastKnownFileType = text.plist.strings; name = en; path = en.lproj/InfoPlist.strings; sourceTree = "<group>"; };
		1220D2791967109800979E9A /* main.m */ = {isa = PBXFileReference; lastKnownFileType = sourcecode.c.objc; path = main.m; sourceTree = "<group>"; };
		1220D27B1967109800979E9A /* YZLibraryDemo-Prefix.pch */ = {isa = PBXFileReference; lastKnownFileType = sourcecode.c.h; path = "YZLibraryDemo-Prefix.pch"; sourceTree = "<group>"; };
		1220D27C1967109800979E9A /* YZAppDelegate.h */ = {isa = PBXFileReference; lastKnownFileType = sourcecode.c.h; path = YZAppDelegate.h; sourceTree = "<group>"; };
		1220D27D1967109800979E9A /* YZAppDelegate.m */ = {isa = PBXFileReference; lastKnownFileType = sourcecode.c.objc; path = YZAppDelegate.m; sourceTree = "<group>"; };
		1220D2801967109800979E9A /* Base */ = {isa = PBXFileReference; lastKnownFileType = file.storyboard; name = Base; path = Base.lproj/Main.storyboard; sourceTree = "<group>"; };
		1220D2821967109800979E9A /* YZViewController.h */ = {isa = PBXFileReference; lastKnownFileType = sourcecode.c.h; path = YZViewController.h; sourceTree = "<group>"; };
		1220D2831967109800979E9A /* YZViewController.m */ = {isa = PBXFileReference; lastKnownFileType = sourcecode.c.objc; path = YZViewController.m; sourceTree = "<group>"; };
		1220D2851967109800979E9A /* Images.xcassets */ = {isa = PBXFileReference; lastKnownFileType = folder.assetcatalog; path = Images.xcassets; sourceTree = "<group>"; };
		1220D28B1967109800979E9A /* YZLibraryDemoTests.xctest */ = {isa = PBXFileReference; explicitFileType = wrapper.cfbundle; includeInIndex = 0; path = YZLibraryDemoTests.xctest; sourceTree = BUILT_PRODUCTS_DIR; };
		1220D28C1967109800979E9A /* XCTest.framework */ = {isa = PBXFileReference; lastKnownFileType = wrapper.framework; name = XCTest.framework; path = Library/Frameworks/XCTest.framework; sourceTree = DEVELOPER_DIR; };
		1220D2941967109800979E9A /* YZLibraryDemoTests-Info.plist */ = {isa = PBXFileReference; lastKnownFileType = text.plist.xml; path = "YZLibraryDemoTests-Info.plist"; sourceTree = "<group>"; };
		1220D2961967109800979E9A /* en */ = {isa = PBXFileReference; lastKnownFileType = text.plist.strings; name = en; path = en.lproj/InfoPlist.strings; sourceTree = "<group>"; };
		1220D2981967109800979E9A /* YZLibraryDemoTests.m */ = {isa = PBXFileReference; lastKnownFileType = sourcecode.c.objc; path = YZLibraryDemoTests.m; sourceTree = "<group>"; };
		127200F619E821FC00E4CBFB /* NSArray+YZLibrary.h */ = {isa = PBXFileReference; fileEncoding = 4; lastKnownFileType = sourcecode.c.h; path = "NSArray+YZLibrary.h"; sourceTree = "<group>"; };
		127200F719E821FC00E4CBFB /* NSArray+YZLibrary.m */ = {isa = PBXFileReference; fileEncoding = 4; lastKnownFileType = sourcecode.c.objc; path = "NSArray+YZLibrary.m"; sourceTree = "<group>"; };
		127200F819E821FC00E4CBFB /* UIButton+YZLibrary.h */ = {isa = PBXFileReference; fileEncoding = 4; lastKnownFileType = sourcecode.c.h; path = "UIButton+YZLibrary.h"; sourceTree = "<group>"; };
		127200F919E821FC00E4CBFB /* UIButton+YZLibrary.m */ = {isa = PBXFileReference; fileEncoding = 4; lastKnownFileType = sourcecode.c.objc; path = "UIButton+YZLibrary.m"; sourceTree = "<group>"; };
		127200FA19E821FC00E4CBFB /* UIColor+YZLibrary.h */ = {isa = PBXFileReference; fileEncoding = 4; lastKnownFileType = sourcecode.c.h; path = "UIColor+YZLibrary.h"; sourceTree = "<group>"; };
		127200FB19E821FC00E4CBFB /* UIColor+YZLibrary.m */ = {isa = PBXFileReference; fileEncoding = 4; lastKnownFileType = sourcecode.c.objc; path = "UIColor+YZLibrary.m"; sourceTree = "<group>"; };
		127200FC19E821FC00E4CBFB /* UIImage+YZLibrary.h */ = {isa = PBXFileReference; fileEncoding = 4; lastKnownFileType = sourcecode.c.h; path = "UIImage+YZLibrary.h"; sourceTree = "<group>"; };
		127200FD19E821FC00E4CBFB /* UIImage+YZLibrary.m */ = {isa = PBXFileReference; fileEncoding = 4; lastKnownFileType = sourcecode.c.objc; path = "UIImage+YZLibrary.m"; sourceTree = "<group>"; };
		127200FE19E821FC00E4CBFB /* UIImageView+YZLibrary.h */ = {isa = PBXFileReference; fileEncoding = 4; lastKnownFileType = sourcecode.c.h; path = "UIImageView+YZLibrary.h"; sourceTree = "<group>"; };
		127200FF19E821FC00E4CBFB /* UIImageView+YZLibrary.m */ = {isa = PBXFileReference; fileEncoding = 4; lastKnownFileType = sourcecode.c.objc; path = "UIImageView+YZLibrary.m"; sourceTree = "<group>"; };
		1272010019E821FC00E4CBFB /* UIView+YZLibrary.h */ = {isa = PBXFileReference; fileEncoding = 4; lastKnownFileType = sourcecode.c.h; path = "UIView+YZLibrary.h"; sourceTree = "<group>"; };
		1272010119E821FC00E4CBFB /* UIView+YZLibrary.m */ = {isa = PBXFileReference; fileEncoding = 4; lastKnownFileType = sourcecode.c.objc; path = "UIView+YZLibrary.m"; sourceTree = "<group>"; };
		1272010219E821FC00E4CBFB /* UIViewController+YZLibrary.h */ = {isa = PBXFileReference; fileEncoding = 4; lastKnownFileType = sourcecode.c.h; path = "UIViewController+YZLibrary.h"; sourceTree = "<group>"; };
		1272010319E821FC00E4CBFB /* UIViewController+YZLibrary.m */ = {isa = PBXFileReference; fileEncoding = 4; lastKnownFileType = sourcecode.c.objc; path = "UIViewController+YZLibrary.m"; sourceTree = "<group>"; };
		1272010419E821FC00E4CBFB /* YZCGPointExtension.c */ = {isa = PBXFileReference; fileEncoding = 4; lastKnownFileType = sourcecode.c.c; path = YZCGPointExtension.c; sourceTree = "<group>"; };
		1272010519E821FC00E4CBFB /* YZCGPointExtension.h */ = {isa = PBXFileReference; fileEncoding = 4; lastKnownFileType = sourcecode.c.h; path = YZCGPointExtension.h; sourceTree = "<group>"; };
		1272010619E821FC00E4CBFB /* YZLibrary.h */ = {isa = PBXFileReference; fileEncoding = 4; lastKnownFileType = sourcecode.c.h; path = YZLibrary.h; sourceTree = "<group>"; };
		1272010719E821FC00E4CBFB /* YZLibrary.m */ = {isa = PBXFileReference; fileEncoding = 4; lastKnownFileType = sourcecode.c.objc; path = YZLibrary.m; sourceTree = "<group>"; };
/* End PBXFileReference section */

/* Begin PBXFrameworksBuildPhase section */
		1220D2671967109800979E9A /* Frameworks */ = {
			isa = PBXFrameworksBuildPhase;
			buildActionMask = 2147483647;
			files = (
				1220D2701967109800979E9A /* CoreGraphics.framework in Frameworks */,
				1220D2721967109800979E9A /* UIKit.framework in Frameworks */,
				1220D26E1967109800979E9A /* Foundation.framework in Frameworks */,
			);
			runOnlyForDeploymentPostprocessing = 0;
		};
		1220D2881967109800979E9A /* Frameworks */ = {
			isa = PBXFrameworksBuildPhase;
			buildActionMask = 2147483647;
			files = (
				1220D28D1967109800979E9A /* XCTest.framework in Frameworks */,
				1220D28F1967109800979E9A /* UIKit.framework in Frameworks */,
				1220D28E1967109800979E9A /* Foundation.framework in Frameworks */,
			);
			runOnlyForDeploymentPostprocessing = 0;
		};
/* End PBXFrameworksBuildPhase section */

/* Begin PBXGroup section */
		1220D2611967109800979E9A = {
			isa = PBXGroup;
			children = (
				127200F519E821FC00E4CBFB /* YZLibrary */,
				1220D2731967109800979E9A /* YZLibraryDemo */,
				1220D2921967109800979E9A /* YZLibraryDemoTests */,
				1220D26C1967109800979E9A /* Frameworks */,
				1220D26B1967109800979E9A /* Products */,
			);
			sourceTree = "<group>";
		};
		1220D26B1967109800979E9A /* Products */ = {
			isa = PBXGroup;
			children = (
				1220D26A1967109800979E9A /* YZLibraryDemo.app */,
				1220D28B1967109800979E9A /* YZLibraryDemoTests.xctest */,
			);
			name = Products;
			sourceTree = "<group>";
		};
		1220D26C1967109800979E9A /* Frameworks */ = {
			isa = PBXGroup;
			children = (
				1220D26D1967109800979E9A /* Foundation.framework */,
				1220D26F1967109800979E9A /* CoreGraphics.framework */,
				1220D2711967109800979E9A /* UIKit.framework */,
				1220D28C1967109800979E9A /* XCTest.framework */,
			);
			name = Frameworks;
			sourceTree = "<group>";
		};
		1220D2731967109800979E9A /* YZLibraryDemo */ = {
			isa = PBXGroup;
			children = (
				1220D27C1967109800979E9A /* YZAppDelegate.h */,
				1220D27D1967109800979E9A /* YZAppDelegate.m */,
				1220D27F1967109800979E9A /* Main.storyboard */,
				1220D2821967109800979E9A /* YZViewController.h */,
				1220D2831967109800979E9A /* YZViewController.m */,
				1220D2851967109800979E9A /* Images.xcassets */,
				1220D2741967109800979E9A /* Supporting Files */,
			);
			path = YZLibraryDemo;
			sourceTree = "<group>";
		};
		1220D2741967109800979E9A /* Supporting Files */ = {
			isa = PBXGroup;
			children = (
				1220D2751967109800979E9A /* YZLibraryDemo-Info.plist */,
				1220D2761967109800979E9A /* InfoPlist.strings */,
				1220D2791967109800979E9A /* main.m */,
				1220D27B1967109800979E9A /* YZLibraryDemo-Prefix.pch */,
			);
			name = "Supporting Files";
			sourceTree = "<group>";
		};
		1220D2921967109800979E9A /* YZLibraryDemoTests */ = {
			isa = PBXGroup;
			children = (
				1220D2981967109800979E9A /* YZLibraryDemoTests.m */,
				1220D2931967109800979E9A /* Supporting Files */,
			);
			path = YZLibraryDemoTests;
			sourceTree = "<group>";
		};
		1220D2931967109800979E9A /* Supporting Files */ = {
			isa = PBXGroup;
			children = (
				1220D2941967109800979E9A /* YZLibraryDemoTests-Info.plist */,
				1220D2951967109800979E9A /* InfoPlist.strings */,
			);
			name = "Supporting Files";
			sourceTree = "<group>";
		};
		127200F519E821FC00E4CBFB /* YZLibrary */ = {
			isa = PBXGroup;
			children = (
				127200F619E821FC00E4CBFB /* NSArray+YZLibrary.h */,
				127200F719E821FC00E4CBFB /* NSArray+YZLibrary.m */,
				127200F819E821FC00E4CBFB /* UIButton+YZLibrary.h */,
				127200F919E821FC00E4CBFB /* UIButton+YZLibrary.m */,
				127200FA19E821FC00E4CBFB /* UIColor+YZLibrary.h */,
				127200FB19E821FC00E4CBFB /* UIColor+YZLibrary.m */,
				127200FC19E821FC00E4CBFB /* UIImage+YZLibrary.h */,
				127200FD19E821FC00E4CBFB /* UIImage+YZLibrary.m */,
				127200FE19E821FC00E4CBFB /* UIImageView+YZLibrary.h */,
				127200FF19E821FC00E4CBFB /* UIImageView+YZLibrary.m */,
				1272010019E821FC00E4CBFB /* UIView+YZLibrary.h */,
				1272010119E821FC00E4CBFB /* UIView+YZLibrary.m */,
				1272010219E821FC00E4CBFB /* UIViewController+YZLibrary.h */,
				1272010319E821FC00E4CBFB /* UIViewController+YZLibrary.m */,
				1272010419E821FC00E4CBFB /* YZCGPointExtension.c */,
				1272010519E821FC00E4CBFB /* YZCGPointExtension.h */,
				1272010619E821FC00E4CBFB /* YZLibrary.h */,
				1272010719E821FC00E4CBFB /* YZLibrary.m */,
			);
			name = YZLibrary;
			path = ../YZLibrary;
			sourceTree = "<group>";
		};
/* End PBXGroup section */

/* Begin PBXNativeTarget section */
		1220D2691967109800979E9A /* YZLibraryDemo */ = {
			isa = PBXNativeTarget;
			buildConfigurationList = 1220D29C1967109800979E9A /* Build configuration list for PBXNativeTarget "YZLibraryDemo" */;
			buildPhases = (
				1220D2661967109800979E9A /* Sources */,
				1220D2671967109800979E9A /* Frameworks */,
				1220D2681967109800979E9A /* Resources */,
			);
			buildRules = (
			);
			dependencies = (
			);
			name = YZLibraryDemo;
			productName = YZLibraryDemo;
			productReference = 1220D26A1967109800979E9A /* YZLibraryDemo.app */;
			productType = "com.apple.product-type.application";
		};
		1220D28A1967109800979E9A /* YZLibraryDemoTests */ = {
			isa = PBXNativeTarget;
			buildConfigurationList = 1220D29F1967109800979E9A /* Build configuration list for PBXNativeTarget "YZLibraryDemoTests" */;
			buildPhases = (
				1220D2871967109800979E9A /* Sources */,
				1220D2881967109800979E9A /* Frameworks */,
				1220D2891967109800979E9A /* Resources */,
			);
			buildRules = (
			);
			dependencies = (
				1220D2911967109800979E9A /* PBXTargetDependency */,
			);
			name = YZLibraryDemoTests;
			productName = YZLibraryDemoTests;
			productReference = 1220D28B1967109800979E9A /* YZLibraryDemoTests.xctest */;
			productType = "com.apple.product-type.bundle.unit-test";
		};
/* End PBXNativeTarget section */

/* Begin PBXProject section */
		1220D2621967109800979E9A /* Project object */ = {
			isa = PBXProject;
			attributes = {
				CLASSPREFIX = YZ;
				LastUpgradeCheck = 0510;
				ORGANIZATIONNAME = yichizhang;
				TargetAttributes = {
					1220D28A1967109800979E9A = {
						TestTargetID = 1220D2691967109800979E9A;
					};
				};
			};
			buildConfigurationList = 1220D2651967109800979E9A /* Build configuration list for PBXProject "YZLibraryDemo" */;
			compatibilityVersion = "Xcode 3.2";
			developmentRegion = English;
			hasScannedForEncodings = 0;
			knownRegions = (
				en,
				Base,
			);
			mainGroup = 1220D2611967109800979E9A;
			productRefGroup = 1220D26B1967109800979E9A /* Products */;
			projectDirPath = "";
			projectRoot = "";
			targets = (
				1220D2691967109800979E9A /* YZLibraryDemo */,
				1220D28A1967109800979E9A /* YZLibraryDemoTests */,
			);
		};
/* End PBXProject section */

/* Begin PBXResourcesBuildPhase section */
		1220D2681967109800979E9A /* Resources */ = {
			isa = PBXResourcesBuildPhase;
			buildActionMask = 2147483647;
			files = (
				1220D2861967109800979E9A /* Images.xcassets in Resources */,
				1220D2781967109800979E9A /* InfoPlist.strings in Resources */,
				1220D2811967109800979E9A /* Main.storyboard in Resources */,
			);
			runOnlyForDeploymentPostprocessing = 0;
		};
		1220D2891967109800979E9A /* Resources */ = {
			isa = PBXResourcesBuildPhase;
			buildActionMask = 2147483647;
			files = (
				1220D2971967109800979E9A /* InfoPlist.strings in Resources */,
			);
			runOnlyForDeploymentPostprocessing = 0;
		};
/* End PBXResourcesBuildPhase section */

/* Begin PBXSourcesBuildPhase section */
		1220D2661967109800979E9A /* Sources */ = {
			isa = PBXSourcesBuildPhase;
			buildActionMask = 2147483647;
			files = (
				1220D2841967109800979E9A /* YZViewController.m in Sources */,
				1272010C19E821FC00E4CBFB /* UIImageView+YZLibrary.m in Sources */,
				1272011019E821FC00E4CBFB /* YZLibrary.m in Sources */,
				1272010819E821FC00E4CBFB /* NSArray+YZLibrary.m in Sources */,
				1272010A19E821FC00E4CBFB /* UIColor+YZLibrary.m in Sources */,
				1272010919E821FC00E4CBFB /* UIButton+YZLibrary.m in Sources */,
				1272010F19E821FC00E4CBFB /* YZCGPointExtension.c in Sources */,
				1272010E19E821FC00E4CBFB /* UIViewController+YZLibrary.m in Sources */,
				1272010B19E821FC00E4CBFB /* UIImage+YZLibrary.m in Sources */,
				1272010D19E821FC00E4CBFB /* UIView+YZLibrary.m in Sources */,
				1220D27A1967109800979E9A /* main.m in Sources */,
				1220D27E1967109800979E9A /* YZAppDelegate.m in Sources */,
			);
			runOnlyForDeploymentPostprocessing = 0;
		};
		1220D2871967109800979E9A /* Sources */ = {
			isa = PBXSourcesBuildPhase;
			buildActionMask = 2147483647;
			files = (
				1220D2991967109800979E9A /* YZLibraryDemoTests.m in Sources */,
			);
			runOnlyForDeploymentPostprocessing = 0;
		};
/* End PBXSourcesBuildPhase section */

/* Begin PBXTargetDependency section */
		1220D2911967109800979E9A /* PBXTargetDependency */ = {
			isa = PBXTargetDependency;
			target = 1220D2691967109800979E9A /* YZLibraryDemo */;
			targetProxy = 1220D2901967109800979E9A /* PBXContainerItemProxy */;
		};
/* End PBXTargetDependency section */

/* Begin PBXVariantGroup section */
		1220D2761967109800979E9A /* InfoPlist.strings */ = {
			isa = PBXVariantGroup;
			children = (
				1220D2771967109800979E9A /* en */,
			);
			name = InfoPlist.strings;
			sourceTree = "<group>";
		};
		1220D27F1967109800979E9A /* Main.storyboard */ = {
			isa = PBXVariantGroup;
			children = (
				1220D2801967109800979E9A /* Base */,
			);
			name = Main.storyboard;
			sourceTree = "<group>";
		};
		1220D2951967109800979E9A /* InfoPlist.strings */ = {
			isa = PBXVariantGroup;
			children = (
				1220D2961967109800979E9A /* en */,
			);
			name = InfoPlist.strings;
			sourceTree = "<group>";
		};
/* End PBXVariantGroup section */

/* Begin XCBuildConfiguration section */
		1220D29A1967109800979E9A /* Debug */ = {
			isa = XCBuildConfiguration;
			buildSettings = {
				ALWAYS_SEARCH_USER_PATHS = NO;
				CLANG_CXX_LANGUAGE_STANDARD = "gnu++0x";
				CLANG_CXX_LIBRARY = "libc++";
				CLANG_ENABLE_MODULES = YES;
				CLANG_ENABLE_OBJC_ARC = YES;
				CLANG_WARN_BOOL_CONVERSION = YES;
				CLANG_WARN_CONSTANT_CONVERSION = YES;
				CLANG_WARN_DIRECT_OBJC_ISA_USAGE = YES_ERROR;
				CLANG_WARN_EMPTY_BODY = YES;
				CLANG_WARN_ENUM_CONVERSION = YES;
				CLANG_WARN_INT_CONVERSION = YES;
				CLANG_WARN_OBJC_ROOT_CLASS = YES_ERROR;
				CLANG_WARN__DUPLICATE_METHOD_MATCH = YES;
				"CODE_SIGN_IDENTITY[sdk=iphoneos*]" = "iPhone Developer";
				COPY_PHASE_STRIP = NO;
				GCC_C_LANGUAGE_STANDARD = gnu99;
				GCC_DYNAMIC_NO_PIC = NO;
				GCC_OPTIMIZATION_LEVEL = 0;
				GCC_PREPROCESSOR_DEFINITIONS = (
					"DEBUG=1",
					"$(inherited)",
				);
				GCC_SYMBOLS_PRIVATE_EXTERN = NO;
				GCC_WARN_64_TO_32_BIT_CONVERSION = YES;
				GCC_WARN_ABOUT_RETURN_TYPE = YES_ERROR;
				GCC_WARN_UNDECLARED_SELECTOR = YES;
				GCC_WARN_UNINITIALIZED_AUTOS = YES_AGGRESSIVE;
				GCC_WARN_UNUSED_FUNCTION = YES;
				GCC_WARN_UNUSED_VARIABLE = YES;
				IPHONEOS_DEPLOYMENT_TARGET = 7.1;
				ONLY_ACTIVE_ARCH = YES;
				SDKROOT = iphoneos;
			};
			name = Debug;
		};
		1220D29B1967109800979E9A /* Release */ = {
			isa = XCBuildConfiguration;
			buildSettings = {
				ALWAYS_SEARCH_USER_PATHS = NO;
				CLANG_CXX_LANGUAGE_STANDARD = "gnu++0x";
				CLANG_CXX_LIBRARY = "libc++";
				CLANG_ENABLE_MODULES = YES;
				CLANG_ENABLE_OBJC_ARC = YES;
				CLANG_WARN_BOOL_CONVERSION = YES;
				CLANG_WARN_CONSTANT_CONVERSION = YES;
				CLANG_WARN_DIRECT_OBJC_ISA_USAGE = YES_ERROR;
				CLANG_WARN_EMPTY_BODY = YES;
				CLANG_WARN_ENUM_CONVERSION = YES;
				CLANG_WARN_INT_CONVERSION = YES;
				CLANG_WARN_OBJC_ROOT_CLASS = YES_ERROR;
				CLANG_WARN__DUPLICATE_METHOD_MATCH = YES;
				"CODE_SIGN_IDENTITY[sdk=iphoneos*]" = "iPhone Developer";
				COPY_PHASE_STRIP = YES;
				ENABLE_NS_ASSERTIONS = NO;
				GCC_C_LANGUAGE_STANDARD = gnu99;
				GCC_WARN_64_TO_32_BIT_CONVERSION = YES;
				GCC_WARN_ABOUT_RETURN_TYPE = YES_ERROR;
				GCC_WARN_UNDECLARED_SELECTOR = YES;
				GCC_WARN_UNINITIALIZED_AUTOS = YES_AGGRESSIVE;
				GCC_WARN_UNUSED_FUNCTION = YES;
				GCC_WARN_UNUSED_VARIABLE = YES;
				IPHONEOS_DEPLOYMENT_TARGET = 7.1;
				SDKROOT = iphoneos;
				VALIDATE_PRODUCT = YES;
			};
			name = Release;
		};
		1220D29D1967109800979E9A /* Debug */ = {
			isa = XCBuildConfiguration;
			buildSettings = {
				ASSETCATALOG_COMPILER_APPICON_NAME = AppIcon;
				ASSETCATALOG_COMPILER_LAUNCHIMAGE_NAME = LaunchImage;
				GCC_PRECOMPILE_PREFIX_HEADER = YES;
				GCC_PREFIX_HEADER = "YZLibraryDemo/YZLibraryDemo-Prefix.pch";
				INFOPLIST_FILE = "YZLibraryDemo/YZLibraryDemo-Info.plist";
				PRODUCT_NAME = "$(TARGET_NAME)";
				WRAPPER_EXTENSION = app;
			};
			name = Debug;
		};
		1220D29E1967109800979E9A /* Release */ = {
			isa = XCBuildConfiguration;
			buildSettings = {
				ASSETCATALOG_COMPILER_APPICON_NAME = AppIcon;
				ASSETCATALOG_COMPILER_LAUNCHIMAGE_NAME = LaunchImage;
				GCC_PRECOMPILE_PREFIX_HEADER = YES;
				GCC_PREFIX_HEADER = "YZLibraryDemo/YZLibraryDemo-Prefix.pch";
				INFOPLIST_FILE = "YZLibraryDemo/YZLibraryDemo-Info.plist";
				PRODUCT_NAME = "$(TARGET_NAME)";
				WRAPPER_EXTENSION = app;
			};
			name = Release;
		};
		1220D2A01967109800979E9A /* Debug */ = {
			isa = XCBuildConfiguration;
			buildSettings = {
				BUNDLE_LOADER = "$(BUILT_PRODUCTS_DIR)/YZLibraryDemo.app/YZLibraryDemo";
				FRAMEWORK_SEARCH_PATHS = (
					"$(SDKROOT)/Developer/Library/Frameworks",
					"$(inherited)",
					"$(DEVELOPER_FRAMEWORKS_DIR)",
				);
				GCC_PRECOMPILE_PREFIX_HEADER = YES;
				GCC_PREFIX_HEADER = "YZLibraryDemo/YZLibraryDemo-Prefix.pch";
				GCC_PREPROCESSOR_DEFINITIONS = (
					"DEBUG=1",
					"$(inherited)",
				);
				INFOPLIST_FILE = "YZLibraryDemoTests/YZLibraryDemoTests-Info.plist";
				PRODUCT_NAME = "$(TARGET_NAME)";
				TEST_HOST = "$(BUNDLE_LOADER)";
				WRAPPER_EXTENSION = xctest;
			};
			name = Debug;
		};
		1220D2A11967109800979E9A /* Release */ = {
			isa = XCBuildConfiguration;
			buildSettings = {
				BUNDLE_LOADER = "$(BUILT_PRODUCTS_DIR)/YZLibraryDemo.app/YZLibraryDemo";
				FRAMEWORK_SEARCH_PATHS = (
					"$(SDKROOT)/Developer/Library/Frameworks",
					"$(inherited)",
					"$(DEVELOPER_FRAMEWORKS_DIR)",
				);
				GCC_PRECOMPILE_PREFIX_HEADER = YES;
				GCC_PREFIX_HEADER = "YZLibraryDemo/YZLibraryDemo-Prefix.pch";
				INFOPLIST_FILE = "YZLibraryDemoTests/YZLibraryDemoTests-Info.plist";
				PRODUCT_NAME = "$(TARGET_NAME)";
				TEST_HOST = "$(BUNDLE_LOADER)";
				WRAPPER_EXTENSION = xctest;
			};
			name = Release;
		};
/* End XCBuildConfiguration section */

/* Begin XCConfigurationList section */
		1220D2651967109800979E9A /* Build configuration list for PBXProject "YZLibraryDemo" */ = {
			isa = XCConfigurationList;
			buildConfigurations = (
				1220D29A1967109800979E9A /* Debug */,
				1220D29B1967109800979E9A /* Release */,
			);
			defaultConfigurationIsVisible = 0;
			defaultConfigurationName = Release;
		};
		1220D29C1967109800979E9A /* Build configuration list for PBXNativeTarget "YZLibraryDemo" */ = {
			isa = XCConfigurationList;
			buildConfigurations = (
				1220D29D1967109800979E9A /* Debug */,
				1220D29E1967109800979E9A /* Release */,
			);
			defaultConfigurationIsVisible = 0;
			defaultConfigurationName = Release;
		};
		1220D29F1967109800979E9A /* Build configuration list for PBXNativeTarget "YZLibraryDemoTests" */ = {
			isa = XCConfigurationList;
			buildConfigurations = (
				1220D2A01967109800979E9A /* Debug */,
				1220D2A11967109800979E9A /* Release */,
			);
			defaultConfigurationIsVisible = 0;
			defaultConfigurationName = Release;
		};
/* End XCConfigurationList section */
	};
	rootObject = 1220D2621967109800979E9A /* Project object */;
}
